// !$*UTF8*$!
{
	archiveVersion = 1;
	classes = {
	};
	objectVersion = 56;
	objects = {

/* Begin PBXBuildFile section */
		283103B52AAE7BAD0063952F /* ClubsFeature in Frameworks */ = {isa = PBXBuildFile; productRef = 283103B42AAE7BAD0063952F /* ClubsFeature */; };
		32D2B4FCB033F24204A50E83 /* SceneDelegate.swift in Sources */ = {isa = PBXBuildFile; fileRef = F3B9DA2EE7EE8CB54A0AE61B /* SceneDelegate.swift */; };
		49549F6D72E6A2BB8D646CE6 /* Assets.xcassets in Resources */ = {isa = PBXBuildFile; fileRef = 354CDC6B10B0571C485C057B /* Assets.xcassets */; };
		4AF81862E17D866DA108033F /* AuthFeature in Frameworks */ = {isa = PBXBuildFile; productRef = EF195AA49AAC8BBF85EE216D /* AuthFeature */; };
		5BF655EBC1FC8FEFB2874040 /* LaunchScreen.storyboard in Resources */ = {isa = PBXBuildFile; fileRef = 3080FF51151A057610400B26 /* LaunchScreen.storyboard */; };
		6C55B3384D66C166368B7346 /* CommonUI in Frameworks */ = {isa = PBXBuildFile; productRef = 24E0435C8F45993A817FFE81 /* CommonUI */; };
		7AF90968076D4DA5199EF041 /* Utilities in Frameworks */ = {isa = PBXBuildFile; productRef = 4200D37E851EE06EE1DD6C37 /* Utilities */; };
		7CAB93DEC9A70E7CCF3F100A /* ForceUpdateFeature in Frameworks */ = {isa = PBXBuildFile; productRef = 20EA5D6A2AE01188B2CE0FA8 /* ForceUpdateFeature */; };
		82ECCCC688E681E239A2A0F4 /* AppCoordinator.swift in Sources */ = {isa = PBXBuildFile; fileRef = 395967DD81BBD2BDF6C94E4B /* AppCoordinator.swift */; };
		9ADD8B54F4054B1025EFA53E /* Models in Frameworks */ = {isa = PBXBuildFile; productRef = 3F753896288B973E8C2CD806 /* Models */; };
		A41F28EA397196A7220E5E1A /* AppDelegate.swift in Sources */ = {isa = PBXBuildFile; fileRef = 4A7CB7082A2DB4C498643165 /* AppDelegate.swift */; };
		AE135FD974F22C0E11B47533 /* MainFeature in Frameworks */ = {isa = PBXBuildFile; productRef = 79C02CAF13A71B48CDD2C877 /* MainFeature */; };
		B68E6AB64494A7523FB3A242 /* Networking in Frameworks */ = {isa = PBXBuildFile; productRef = 9D3720757AAB7AD350323038 /* Networking */; };
		B982CBC3CA44A46740830729 /* Settings.bundle in Resources */ = {isa = PBXBuildFile; fileRef = 03F165B3502625C7E33D91D4 /* Settings.bundle */; };
		EA7840F1EF5A49EF1FAFE03C /* Assets in Frameworks */ = {isa = PBXBuildFile; productRef = D02CD16AC2F5BCAB8859484A /* Assets */; };
/* End PBXBuildFile section */

/* Begin PBXFileReference section */
		03F165B3502625C7E33D91D4 /* Settings.bundle */ = {isa = PBXFileReference; lastKnownFileType = wrapper.cfbundle; path = Settings.bundle; sourceTree = "<group>"; };
		11C5B79A83F8F8E41E05AC1D /* Core */ = {isa = PBXFileReference; lastKnownFileType = folder; name = Core; path = Modules/Core; sourceTree = SOURCE_ROOT; };
		354CDC6B10B0571C485C057B /* Assets.xcassets */ = {isa = PBXFileReference; lastKnownFileType = folder.assetcatalog; path = Assets.xcassets; sourceTree = "<group>"; };
		35E5115E90EA39122A692D49 /* Features */ = {isa = PBXFileReference; lastKnownFileType = folder; name = Features; path = Modules/Features; sourceTree = SOURCE_ROOT; };
		395967DD81BBD2BDF6C94E4B /* AppCoordinator.swift */ = {isa = PBXFileReference; lastKnownFileType = sourcecode.swift; path = AppCoordinator.swift; sourceTree = "<group>"; };
		4A7CB7082A2DB4C498643165 /* AppDelegate.swift */ = {isa = PBXFileReference; lastKnownFileType = sourcecode.swift; path = AppDelegate.swift; sourceTree = "<group>"; };
		7F4B2A7712DB133A743E681D /* Dev.xcconfig */ = {isa = PBXFileReference; lastKnownFileType = text.xcconfig; path = Dev.xcconfig; sourceTree = "<group>"; };
		926AE85ACBCF11B690E92BE7 /* Live.xcconfig */ = {isa = PBXFileReference; lastKnownFileType = text.xcconfig; path = Live.xcconfig; sourceTree = "<group>"; };
		A680EC343433C88EF0665734 /* Clubs.app */ = {isa = PBXFileReference; explicitFileType = wrapper.application; includeInIndex = 0; path = Clubs.app; sourceTree = BUILT_PRODUCTS_DIR; };
		B8109F7396A7CDBDE8D01340 /* Info.plist */ = {isa = PBXFileReference; lastKnownFileType = text.plist; path = Info.plist; sourceTree = "<group>"; };
		BA83B3B8D5965ACF436EA21F /* README.md */ = {isa = PBXFileReference; lastKnownFileType = net.daringfireball.markdown; path = README.md; sourceTree = "<group>"; };
		DB0129BE108214CF1B45EF9A /* Staging.xcconfig */ = {isa = PBXFileReference; lastKnownFileType = text.xcconfig; path = Staging.xcconfig; sourceTree = "<group>"; };
		F3B9DA2EE7EE8CB54A0AE61B /* SceneDelegate.swift */ = {isa = PBXFileReference; lastKnownFileType = sourcecode.swift; path = SceneDelegate.swift; sourceTree = "<group>"; };
		F63898786A1F6D3AF5C855B4 /* Base */ = {isa = PBXFileReference; lastKnownFileType = file.storyboard; name = Base; path = Base.lproj/LaunchScreen.storyboard; sourceTree = "<group>"; };
/* End PBXFileReference section */

/* Begin PBXFrameworksBuildPhase section */
		817D0BE0C3276C641AFD4E23 /* Frameworks */ = {
			isa = PBXFrameworksBuildPhase;
			buildActionMask = 2147483647;
			files = (
				AE135FD974F22C0E11B47533 /* MainFeature in Frameworks */,
				4AF81862E17D866DA108033F /* AuthFeature in Frameworks */,
				7CAB93DEC9A70E7CCF3F100A /* ForceUpdateFeature in Frameworks */,
				283103B52AAE7BAD0063952F /* ClubsFeature in Frameworks */,
				EA7840F1EF5A49EF1FAFE03C /* Assets in Frameworks */,
				9ADD8B54F4054B1025EFA53E /* Models in Frameworks */,
				B68E6AB64494A7523FB3A242 /* Networking in Frameworks */,
				7AF90968076D4DA5199EF041 /* Utilities in Frameworks */,
				6C55B3384D66C166368B7346 /* CommonUI in Frameworks */,
			);
			runOnlyForDeploymentPostprocessing = 0;
		};
/* End PBXFrameworksBuildPhase section */

/* Begin PBXGroup section */
		1DB96CA5F0C8572E60E42BB5 = {
			isa = PBXGroup;
			children = (
				BA83B3B8D5965ACF436EA21F /* README.md */,
				CD556A9E5F80D8FFAC7D1306 /* Modules */,
				D5AC9ED794239E19CBB130DC /* Clubs */,
				E36014E14B8DB3F074934542 /* Products */,
				283103AF2AAE6DCF0063952F /* Frameworks */,
			);
			sourceTree = "<group>";
		};
		283103AF2AAE6DCF0063952F /* Frameworks */ = {
			isa = PBXGroup;
			children = (
			);
			name = Frameworks;
			sourceTree = "<group>";
		};
		2F6E300CBF706E4A927448C6 /* SupportingFiles */ = {
			isa = PBXGroup;
			children = (
				B8109F7396A7CDBDE8D01340 /* Info.plist */,
				3080FF51151A057610400B26 /* LaunchScreen.storyboard */,
				03F165B3502625C7E33D91D4 /* Settings.bundle */,
				A789385E93033AE7C84CF479 /* Configurations */,
			);
			path = SupportingFiles;
			sourceTree = "<group>";
		};
		7763829C8660CC361ACAC54E /* Assets */ = {
			isa = PBXGroup;
			children = (
				354CDC6B10B0571C485C057B /* Assets.xcassets */,
			);
			path = Assets;
			sourceTree = "<group>";
		};
		9765E5FF405FA7CB7E9ACE07 /* Code */ = {
			isa = PBXGroup;
			children = (
				395967DD81BBD2BDF6C94E4B /* AppCoordinator.swift */,
				4A7CB7082A2DB4C498643165 /* AppDelegate.swift */,
				F3B9DA2EE7EE8CB54A0AE61B /* SceneDelegate.swift */,
			);
			path = Code;
			sourceTree = "<group>";
		};
		A789385E93033AE7C84CF479 /* Configurations */ = {
			isa = PBXGroup;
			children = (
				7F4B2A7712DB133A743E681D /* Dev.xcconfig */,
				926AE85ACBCF11B690E92BE7 /* Live.xcconfig */,
				DB0129BE108214CF1B45EF9A /* Staging.xcconfig */,
			);
			path = Configurations;
			sourceTree = "<group>";
		};
		CD556A9E5F80D8FFAC7D1306 /* Modules */ = {
			isa = PBXGroup;
			children = (
				11C5B79A83F8F8E41E05AC1D /* Core */,
				35E5115E90EA39122A692D49 /* Features */,
			);
			name = Modules;
			sourceTree = SOURCE_ROOT;
		};
		D5AC9ED794239E19CBB130DC /* Clubs */ = {
			isa = PBXGroup;
			children = (
				7763829C8660CC361ACAC54E /* Assets */,
				9765E5FF405FA7CB7E9ACE07 /* Code */,
				2F6E300CBF706E4A927448C6 /* SupportingFiles */,
			);
			path = Clubs;
			sourceTree = "<group>";
		};
		E36014E14B8DB3F074934542 /* Products */ = {
			isa = PBXGroup;
			children = (
				A680EC343433C88EF0665734 /* Clubs.app */,
			);
			name = Products;
			sourceTree = "<group>";
		};
/* End PBXGroup section */

/* Begin PBXNativeTarget section */
		2DA5CC830EF19D8D8D773BB4 /* Clubs */ = {
			isa = PBXNativeTarget;
			buildConfigurationList = EC57306F79B6B6B39C5378AD /* Build configuration list for PBXNativeTarget "Clubs" */;
			buildPhases = (
				B0AE504DD968A4A379DF98FF /* Sources */,
				5047A240E57B846B4E3948B6 /* SwiftLint */,
				E31EFF4016FDA56D35FAAE0F /* Generate Licenses */,
				D58E7F8F4852E7E494B05FB4 /* Copy GoogleService-Info */,
				07F65632D47E24BC39906E52 /* Resources */,
				817D0BE0C3276C641AFD4E23 /* Frameworks */,
			);
			buildRules = (
			);
			dependencies = (
			);
			name = Clubs;
			packageProductDependencies = (
				79C02CAF13A71B48CDD2C877 /* MainFeature */,
				EF195AA49AAC8BBF85EE216D /* AuthFeature */,
				20EA5D6A2AE01188B2CE0FA8 /* ForceUpdateFeature */,
				D02CD16AC2F5BCAB8859484A /* Assets */,
				3F753896288B973E8C2CD806 /* Models */,
				9D3720757AAB7AD350323038 /* Networking */,
				4200D37E851EE06EE1DD6C37 /* Utilities */,
				24E0435C8F45993A817FFE81 /* CommonUI */,
				283103B42AAE7BAD0063952F /* ClubsFeature */,
			);
			productName = Clubs;
			productReference = A680EC343433C88EF0665734 /* Clubs.app */;
			productType = "com.apple.product-type.application";
		};
/* End PBXNativeTarget section */

/* Begin PBXProject section */
		4BC725580888F1F61E481D4A /* Project object */ = {
			isa = PBXProject;
			attributes = {
				BuildIndependentTargetsInParallel = YES;
				LastUpgradeCheck = 1430;
				ORGANIZATIONNAME = "aaa - all about apps Gmbh";
			};
			buildConfigurationList = 41412BC4434D75BA8B102E36 /* Build configuration list for PBXProject "Clubs" */;
			compatibilityVersion = "Xcode 14.0";
			developmentRegion = en;
			hasScannedForEncodings = 0;
			knownRegions = (
				Base,
				en,
			);
			mainGroup = 1DB96CA5F0C8572E60E42BB5;
			projectDirPath = "";
			projectRoot = "";
			targets = (
				2DA5CC830EF19D8D8D773BB4 /* Clubs */,
			);
		};
/* End PBXProject section */

/* Begin PBXResourcesBuildPhase section */
		07F65632D47E24BC39906E52 /* Resources */ = {
			isa = PBXResourcesBuildPhase;
			buildActionMask = 2147483647;
			files = (
				49549F6D72E6A2BB8D646CE6 /* Assets.xcassets in Resources */,
				5BF655EBC1FC8FEFB2874040 /* LaunchScreen.storyboard in Resources */,
				B982CBC3CA44A46740830729 /* Settings.bundle in Resources */,
			);
			runOnlyForDeploymentPostprocessing = 0;
		};
/* End PBXResourcesBuildPhase section */

/* Begin PBXShellScriptBuildPhase section */
		5047A240E57B846B4E3948B6 /* SwiftLint */ = {
			isa = PBXShellScriptBuildPhase;
			alwaysOutOfDate = 1;
			buildActionMask = 2147483647;
			files = (
			);
			inputFileListPaths = (
			);
			inputPaths = (
			);
			name = SwiftLint;
			outputFileListPaths = (
			);
			outputPaths = (
			);
			runOnlyForDeploymentPostprocessing = 0;
			shellPath = /bin/sh;
			shellScript = "export PATH=\"$PATH:/opt/homebrew/bin\"\n\nif which swiftlint >/dev/null; then\n  swiftlint\nelse\n  echo \"warning: SwiftLint not installed, download from https://github.com/realm/SwiftLint\"\nfi\n";
		};
		D58E7F8F4852E7E494B05FB4 /* Copy GoogleService-Info */ = {
			isa = PBXShellScriptBuildPhase;
			alwaysOutOfDate = 1;
			buildActionMask = 2147483647;
			files = (
			);
			inputFileListPaths = (
			);
			inputPaths = (
			);
			name = "Copy GoogleService-Info";
			outputFileListPaths = (
			);
			outputPaths = (
			);
			runOnlyForDeploymentPostprocessing = 0;
			shellPath = /bin/sh;
			shellScript = "#case \"${SERVER_ENVIRONMENT}\" in\n#\n#\"dev\" )\n#cp -r \"${PROJECT_DIR}/Clubs/SupportingFiles/GoogleService-Info-Dev.plist\" \"${BUILT_PRODUCTS_DIR}/${PRODUCT_NAME}.app/GoogleService-Info.plist\" ;;\n#\n#\"staging\" )\n#cp -r \"${PROJECT_DIR}/Clubs/SupportingFiles/GoogleService-Info-Staging.plist\" \"${BUILT_PRODUCTS_DIR}/${PRODUCT_NAME}.app/GoogleService-Info.plist\" ;;\n#\n#\"live\" )\n#cp -r \"${PROJECT_DIR}/Clubs/SupportingFiles/GoogleService-Info-Live.plist\" \"${BUILT_PRODUCTS_DIR}/${PRODUCT_NAME}.app/GoogleService-Info.plist\" ;;\n#\n#*)\n#;;\n#esac\n";
		};
		E31EFF4016FDA56D35FAAE0F /* Generate Licenses */ = {
			isa = PBXShellScriptBuildPhase;
			alwaysOutOfDate = 1;
			buildActionMask = 2147483647;
			files = (
			);
			inputFileListPaths = (
			);
			inputPaths = (
			);
			name = "Generate Licenses";
			outputFileListPaths = (
			);
			outputPaths = (
			);
			runOnlyForDeploymentPostprocessing = 0;
			shellPath = /bin/sh;
			shellScript = "export PATH=\"$PATH:/opt/homebrew/bin\"\n\nif which /usr/libexec/PlistBuddy >/dev/null; then\n  version=\"$MARKETING_VERSION\"\n  build=\"$CURRENT_PROJECT_VERSION\"\n  /usr/libexec/PlistBuddy \"$SRCROOT/$PRODUCT_NAME/SupportingFiles/Settings.bundle/Root.plist\" -c \"set PreferenceSpecifiers:2:DefaultValue $version ($build)\"\nelse\necho \"warning: PlistBuddy not found\"\nfi\n\nif which license-plist >/dev/null; then\n  license-plist --output-path $PRODUCT_NAME/SupportingFiles/Settings.bundle --config-path $PRODUCT_NAME/SupportingFiles/license_plist.yml --package-path $PROJECT_FILE_PATH/project.xcworkspace/xcshareddata/swiftpm/Package.swift --suppress-opening-directory\nelse\n  echo \"warning: license-plist not installed, download from https://github.com/mono0926/LicensePlist\"\nfi\n";
		};
/* End PBXShellScriptBuildPhase section */

/* Begin PBXSourcesBuildPhase section */
		B0AE504DD968A4A379DF98FF /* Sources */ = {
			isa = PBXSourcesBuildPhase;
			buildActionMask = 2147483647;
			files = (
				82ECCCC688E681E239A2A0F4 /* AppCoordinator.swift in Sources */,
				A41F28EA397196A7220E5E1A /* AppDelegate.swift in Sources */,
				32D2B4FCB033F24204A50E83 /* SceneDelegate.swift in Sources */,
			);
			runOnlyForDeploymentPostprocessing = 0;
		};
/* End PBXSourcesBuildPhase section */

/* Begin PBXVariantGroup section */
		3080FF51151A057610400B26 /* LaunchScreen.storyboard */ = {
			isa = PBXVariantGroup;
			children = (
				F63898786A1F6D3AF5C855B4 /* Base */,
			);
			name = LaunchScreen.storyboard;
			sourceTree = "<group>";
		};
/* End PBXVariantGroup section */

/* Begin XCBuildConfiguration section */
		406B51CDF83A7610B668936B /* Release-Live */ = {
			isa = XCBuildConfiguration;
			baseConfigurationReference = 926AE85ACBCF11B690E92BE7 /* Live.xcconfig */;
			buildSettings = {
				ASSETCATALOG_COMPILER_APPICON_NAME = AppIcon;
				CODE_SIGN_IDENTITY = "iPhone Developer";
				CURRENT_PROJECT_VERSION = 1;
				DEVELOPMENT_TEAM = G49AR2C5MH;
				INFOPLIST_FILE = Clubs/SupportingFiles/Info.plist;
				IPHONEOS_DEPLOYMENT_TARGET = 16.0;
				LD_RUNPATH_SEARCH_PATHS = (
					"$(inherited)",
					"@executable_path/Frameworks",
				);
				MARKETING_VERSION = 1.0.0;
				PRODUCT_NAME = Clubs;
				SDKROOT = iphoneos;
				SUPPORTED_PLATFORMS = "iphoneos iphonesimulator";
				SUPPORTS_MACCATALYST = NO;
				SUPPORTS_MAC_DESIGNED_FOR_IPHONE_IPAD = NO;
				TARGETED_DEVICE_FAMILY = 1;
			};
			name = "Release-Live";
		};
		496682478FFFB6486FBF79E5 /* Release-Staging */ = {
			isa = XCBuildConfiguration;
			baseConfigurationReference = DB0129BE108214CF1B45EF9A /* Staging.xcconfig */;
			buildSettings = {
				ASSETCATALOG_COMPILER_APPICON_NAME = AppIcon;
				CODE_SIGN_IDENTITY = "iPhone Developer";
				CURRENT_PROJECT_VERSION = 1;
				DEVELOPMENT_TEAM = G49AR2C5MH;
				INFOPLIST_FILE = Clubs/SupportingFiles/Info.plist;
				IPHONEOS_DEPLOYMENT_TARGET = 16.0;
				LD_RUNPATH_SEARCH_PATHS = (
					"$(inherited)",
					"@executable_path/Frameworks",
				);
				MARKETING_VERSION = 1.0.0;
				PRODUCT_NAME = Clubs;
				SDKROOT = iphoneos;
				SUPPORTED_PLATFORMS = "iphoneos iphonesimulator";
				SUPPORTS_MACCATALYST = NO;
				SUPPORTS_MAC_DESIGNED_FOR_IPHONE_IPAD = NO;
				TARGETED_DEVICE_FAMILY = 1;
			};
			name = "Release-Staging";
		};
		4CB0B945E7C3DADC637E8F42 /* Debug-Staging */ = {
			isa = XCBuildConfiguration;
			buildSettings = {
				ALWAYS_SEARCH_USER_PATHS = NO;
				CLANG_ANALYZER_LOCALIZABILITY_NONLOCALIZED = YES;
				CLANG_ANALYZER_NONNULL = YES;
				CLANG_ANALYZER_NUMBER_OBJECT_CONVERSION = YES_AGGRESSIVE;
				CLANG_CXX_LANGUAGE_STANDARD = "gnu++14";
				CLANG_CXX_LIBRARY = "libc++";
				CLANG_ENABLE_MODULES = YES;
				CLANG_ENABLE_OBJC_ARC = YES;
				CLANG_ENABLE_OBJC_WEAK = YES;
				CLANG_WARN_BLOCK_CAPTURE_AUTORELEASING = YES;
				CLANG_WARN_BOOL_CONVERSION = YES;
				CLANG_WARN_COMMA = YES;
				CLANG_WARN_CONSTANT_CONVERSION = YES;
				CLANG_WARN_DEPRECATED_OBJC_IMPLEMENTATIONS = YES;
				CLANG_WARN_DIRECT_OBJC_ISA_USAGE = YES_ERROR;
				CLANG_WARN_DOCUMENTATION_COMMENTS = YES;
				CLANG_WARN_EMPTY_BODY = YES;
				CLANG_WARN_ENUM_CONVERSION = YES;
				CLANG_WARN_INFINITE_RECURSION = YES;
				CLANG_WARN_INT_CONVERSION = YES;
				CLANG_WARN_NON_LITERAL_NULL_CONVERSION = YES;
				CLANG_WARN_OBJC_IMPLICIT_RETAIN_SELF = YES;
				CLANG_WARN_OBJC_LITERAL_CONVERSION = YES;
				CLANG_WARN_OBJC_ROOT_CLASS = YES_ERROR;
				CLANG_WARN_QUOTED_INCLUDE_IN_FRAMEWORK_HEADER = YES;
				CLANG_WARN_RANGE_LOOP_ANALYSIS = YES;
				CLANG_WARN_STRICT_PROTOTYPES = YES;
				CLANG_WARN_SUSPICIOUS_MOVE = YES;
				CLANG_WARN_UNGUARDED_AVAILABILITY = YES_AGGRESSIVE;
				CLANG_WARN_UNREACHABLE_CODE = YES;
				CLANG_WARN__DUPLICATE_METHOD_MATCH = YES;
				COPY_PHASE_STRIP = NO;
				DEBUG_INFORMATION_FORMAT = dwarf;
				DEVELOPMENT_TEAM = M8F9QH57A6;
				ENABLE_STRICT_OBJC_MSGSEND = YES;
				ENABLE_TESTABILITY = YES;
				GCC_C_LANGUAGE_STANDARD = gnu11;
				GCC_DYNAMIC_NO_PIC = NO;
				GCC_NO_COMMON_BLOCKS = YES;
				GCC_OPTIMIZATION_LEVEL = 0;
				GCC_PREPROCESSOR_DEFINITIONS = (
					"$(inherited)",
					"DEBUG=1",
				);
				GCC_WARN_64_TO_32_BIT_CONVERSION = YES;
				GCC_WARN_ABOUT_RETURN_TYPE = YES_ERROR;
				GCC_WARN_UNDECLARED_SELECTOR = YES;
				GCC_WARN_UNINITIALIZED_AUTOS = YES_AGGRESSIVE;
				GCC_WARN_UNUSED_FUNCTION = YES;
				GCC_WARN_UNUSED_VARIABLE = YES;
				MTL_ENABLE_DEBUG_INFO = INCLUDE_SOURCE;
				MTL_FAST_MATH = YES;
				ONLY_ACTIVE_ARCH = YES;
				PRODUCT_NAME = "$(TARGET_NAME)";
				SDKROOT = iphoneos;
				SWIFT_ACTIVE_COMPILATION_CONDITIONS = DEBUG;
				SWIFT_COMPILATION_MODE = incremental;
				SWIFT_OPTIMIZATION_LEVEL = "-Onone";
				SWIFT_VERSION = 5.0;
			};
			name = "Debug-Staging";
		};
		68D8278377407669F73A2F45 /* Release-Dev */ = {
			isa = XCBuildConfiguration;
			baseConfigurationReference = 7F4B2A7712DB133A743E681D /* Dev.xcconfig */;
			buildSettings = {
				ASSETCATALOG_COMPILER_APPICON_NAME = AppIcon;
				CODE_SIGN_IDENTITY = "iPhone Developer";
				CURRENT_PROJECT_VERSION = 1;
				DEVELOPMENT_TEAM = G49AR2C5MH;
				INFOPLIST_FILE = Clubs/SupportingFiles/Info.plist;
				IPHONEOS_DEPLOYMENT_TARGET = 16.0;
				LD_RUNPATH_SEARCH_PATHS = (
					"$(inherited)",
					"@executable_path/Frameworks",
				);
				MARKETING_VERSION = 1.0.0;
				PRODUCT_NAME = Clubs;
				SDKROOT = iphoneos;
				SUPPORTED_PLATFORMS = "iphoneos iphonesimulator";
				SUPPORTS_MACCATALYST = NO;
				SUPPORTS_MAC_DESIGNED_FOR_IPHONE_IPAD = NO;
				TARGETED_DEVICE_FAMILY = 1;
			};
			name = "Release-Dev";
		};
		74680D905B42D232D70ACA13 /* Release-Live */ = {
			isa = XCBuildConfiguration;
			buildSettings = {
				ALWAYS_SEARCH_USER_PATHS = NO;
				CLANG_ANALYZER_LOCALIZABILITY_NONLOCALIZED = YES;
				CLANG_ANALYZER_NONNULL = YES;
				CLANG_ANALYZER_NUMBER_OBJECT_CONVERSION = YES_AGGRESSIVE;
				CLANG_CXX_LANGUAGE_STANDARD = "gnu++14";
				CLANG_CXX_LIBRARY = "libc++";
				CLANG_ENABLE_MODULES = YES;
				CLANG_ENABLE_OBJC_ARC = YES;
				CLANG_ENABLE_OBJC_WEAK = YES;
				CLANG_WARN_BLOCK_CAPTURE_AUTORELEASING = YES;
				CLANG_WARN_BOOL_CONVERSION = YES;
				CLANG_WARN_COMMA = YES;
				CLANG_WARN_CONSTANT_CONVERSION = YES;
				CLANG_WARN_DEPRECATED_OBJC_IMPLEMENTATIONS = YES;
				CLANG_WARN_DIRECT_OBJC_ISA_USAGE = YES_ERROR;
				CLANG_WARN_DOCUMENTATION_COMMENTS = YES;
				CLANG_WARN_EMPTY_BODY = YES;
				CLANG_WARN_ENUM_CONVERSION = YES;
				CLANG_WARN_INFINITE_RECURSION = YES;
				CLANG_WARN_INT_CONVERSION = YES;
				CLANG_WARN_NON_LITERAL_NULL_CONVERSION = YES;
				CLANG_WARN_OBJC_IMPLICIT_RETAIN_SELF = YES;
				CLANG_WARN_OBJC_LITERAL_CONVERSION = YES;
				CLANG_WARN_OBJC_ROOT_CLASS = YES_ERROR;
				CLANG_WARN_QUOTED_INCLUDE_IN_FRAMEWORK_HEADER = YES;
				CLANG_WARN_RANGE_LOOP_ANALYSIS = YES;
				CLANG_WARN_STRICT_PROTOTYPES = YES;
				CLANG_WARN_SUSPICIOUS_MOVE = YES;
				CLANG_WARN_UNGUARDED_AVAILABILITY = YES_AGGRESSIVE;
				CLANG_WARN_UNREACHABLE_CODE = YES;
				CLANG_WARN__DUPLICATE_METHOD_MATCH = YES;
				COPY_PHASE_STRIP = NO;
				DEBUG_INFORMATION_FORMAT = "dwarf-with-dsym";
				DEVELOPMENT_TEAM = M8F9QH57A6;
				ENABLE_NS_ASSERTIONS = NO;
				ENABLE_STRICT_OBJC_MSGSEND = YES;
				GCC_C_LANGUAGE_STANDARD = gnu11;
				GCC_NO_COMMON_BLOCKS = YES;
				GCC_WARN_64_TO_32_BIT_CONVERSION = YES;
				GCC_WARN_ABOUT_RETURN_TYPE = YES_ERROR;
				GCC_WARN_UNDECLARED_SELECTOR = YES;
				GCC_WARN_UNINITIALIZED_AUTOS = YES_AGGRESSIVE;
				GCC_WARN_UNUSED_FUNCTION = YES;
				GCC_WARN_UNUSED_VARIABLE = YES;
				MTL_ENABLE_DEBUG_INFO = NO;
				MTL_FAST_MATH = YES;
				PRODUCT_NAME = "$(TARGET_NAME)";
				SDKROOT = iphoneos;
				SWIFT_COMPILATION_MODE = wholemodule;
				SWIFT_OPTIMIZATION_LEVEL = "-O";
				SWIFT_VERSION = 5.0;
			};
			name = "Release-Live";
		};
		8546C8E16AF867DFD14BDAA3 /* Debug-Live */ = {
			isa = XCBuildConfiguration;
			buildSettings = {
				ALWAYS_SEARCH_USER_PATHS = NO;
				CLANG_ANALYZER_LOCALIZABILITY_NONLOCALIZED = YES;
				CLANG_ANALYZER_NONNULL = YES;
				CLANG_ANALYZER_NUMBER_OBJECT_CONVERSION = YES_AGGRESSIVE;
				CLANG_CXX_LANGUAGE_STANDARD = "gnu++14";
				CLANG_CXX_LIBRARY = "libc++";
				CLANG_ENABLE_MODULES = YES;
				CLANG_ENABLE_OBJC_ARC = YES;
				CLANG_ENABLE_OBJC_WEAK = YES;
				CLANG_WARN_BLOCK_CAPTURE_AUTORELEASING = YES;
				CLANG_WARN_BOOL_CONVERSION = YES;
				CLANG_WARN_COMMA = YES;
				CLANG_WARN_CONSTANT_CONVERSION = YES;
				CLANG_WARN_DEPRECATED_OBJC_IMPLEMENTATIONS = YES;
				CLANG_WARN_DIRECT_OBJC_ISA_USAGE = YES_ERROR;
				CLANG_WARN_DOCUMENTATION_COMMENTS = YES;
				CLANG_WARN_EMPTY_BODY = YES;
				CLANG_WARN_ENUM_CONVERSION = YES;
				CLANG_WARN_INFINITE_RECURSION = YES;
				CLANG_WARN_INT_CONVERSION = YES;
				CLANG_WARN_NON_LITERAL_NULL_CONVERSION = YES;
				CLANG_WARN_OBJC_IMPLICIT_RETAIN_SELF = YES;
				CLANG_WARN_OBJC_LITERAL_CONVERSION = YES;
				CLANG_WARN_OBJC_ROOT_CLASS = YES_ERROR;
				CLANG_WARN_QUOTED_INCLUDE_IN_FRAMEWORK_HEADER = YES;
				CLANG_WARN_RANGE_LOOP_ANALYSIS = YES;
				CLANG_WARN_STRICT_PROTOTYPES = YES;
				CLANG_WARN_SUSPICIOUS_MOVE = YES;
				CLANG_WARN_UNGUARDED_AVAILABILITY = YES_AGGRESSIVE;
				CLANG_WARN_UNREACHABLE_CODE = YES;
				CLANG_WARN__DUPLICATE_METHOD_MATCH = YES;
				COPY_PHASE_STRIP = NO;
				DEBUG_INFORMATION_FORMAT = dwarf;
				DEVELOPMENT_TEAM = M8F9QH57A6;
				ENABLE_STRICT_OBJC_MSGSEND = YES;
				ENABLE_TESTABILITY = YES;
				GCC_C_LANGUAGE_STANDARD = gnu11;
				GCC_DYNAMIC_NO_PIC = NO;
				GCC_NO_COMMON_BLOCKS = YES;
				GCC_OPTIMIZATION_LEVEL = 0;
				GCC_PREPROCESSOR_DEFINITIONS = (
					"$(inherited)",
					"DEBUG=1",
				);
				GCC_WARN_64_TO_32_BIT_CONVERSION = YES;
				GCC_WARN_ABOUT_RETURN_TYPE = YES_ERROR;
				GCC_WARN_UNDECLARED_SELECTOR = YES;
				GCC_WARN_UNINITIALIZED_AUTOS = YES_AGGRESSIVE;
				GCC_WARN_UNUSED_FUNCTION = YES;
				GCC_WARN_UNUSED_VARIABLE = YES;
				MTL_ENABLE_DEBUG_INFO = INCLUDE_SOURCE;
				MTL_FAST_MATH = YES;
				ONLY_ACTIVE_ARCH = YES;
				PRODUCT_NAME = "$(TARGET_NAME)";
				SDKROOT = iphoneos;
				SWIFT_ACTIVE_COMPILATION_CONDITIONS = DEBUG;
				SWIFT_COMPILATION_MODE = incremental;
				SWIFT_OPTIMIZATION_LEVEL = "-Onone";
				SWIFT_VERSION = 5.0;
			};
			name = "Debug-Live";
		};
		8D344AA475D01C983AF4A0FC /* Release-Dev */ = {
			isa = XCBuildConfiguration;
			buildSettings = {
				ALWAYS_SEARCH_USER_PATHS = NO;
				CLANG_ANALYZER_LOCALIZABILITY_NONLOCALIZED = YES;
				CLANG_ANALYZER_NONNULL = YES;
				CLANG_ANALYZER_NUMBER_OBJECT_CONVERSION = YES_AGGRESSIVE;
				CLANG_CXX_LANGUAGE_STANDARD = "gnu++14";
				CLANG_CXX_LIBRARY = "libc++";
				CLANG_ENABLE_MODULES = YES;
				CLANG_ENABLE_OBJC_ARC = YES;
				CLANG_ENABLE_OBJC_WEAK = YES;
				CLANG_WARN_BLOCK_CAPTURE_AUTORELEASING = YES;
				CLANG_WARN_BOOL_CONVERSION = YES;
				CLANG_WARN_COMMA = YES;
				CLANG_WARN_CONSTANT_CONVERSION = YES;
				CLANG_WARN_DEPRECATED_OBJC_IMPLEMENTATIONS = YES;
				CLANG_WARN_DIRECT_OBJC_ISA_USAGE = YES_ERROR;
				CLANG_WARN_DOCUMENTATION_COMMENTS = YES;
				CLANG_WARN_EMPTY_BODY = YES;
				CLANG_WARN_ENUM_CONVERSION = YES;
				CLANG_WARN_INFINITE_RECURSION = YES;
				CLANG_WARN_INT_CONVERSION = YES;
				CLANG_WARN_NON_LITERAL_NULL_CONVERSION = YES;
				CLANG_WARN_OBJC_IMPLICIT_RETAIN_SELF = YES;
				CLANG_WARN_OBJC_LITERAL_CONVERSION = YES;
				CLANG_WARN_OBJC_ROOT_CLASS = YES_ERROR;
				CLANG_WARN_QUOTED_INCLUDE_IN_FRAMEWORK_HEADER = YES;
				CLANG_WARN_RANGE_LOOP_ANALYSIS = YES;
				CLANG_WARN_STRICT_PROTOTYPES = YES;
				CLANG_WARN_SUSPICIOUS_MOVE = YES;
				CLANG_WARN_UNGUARDED_AVAILABILITY = YES_AGGRESSIVE;
				CLANG_WARN_UNREACHABLE_CODE = YES;
				CLANG_WARN__DUPLICATE_METHOD_MATCH = YES;
				COPY_PHASE_STRIP = NO;
				DEBUG_INFORMATION_FORMAT = "dwarf-with-dsym";
				DEVELOPMENT_TEAM = M8F9QH57A6;
				ENABLE_NS_ASSERTIONS = NO;
				ENABLE_STRICT_OBJC_MSGSEND = YES;
				GCC_C_LANGUAGE_STANDARD = gnu11;
				GCC_NO_COMMON_BLOCKS = YES;
				GCC_WARN_64_TO_32_BIT_CONVERSION = YES;
				GCC_WARN_ABOUT_RETURN_TYPE = YES_ERROR;
				GCC_WARN_UNDECLARED_SELECTOR = YES;
				GCC_WARN_UNINITIALIZED_AUTOS = YES_AGGRESSIVE;
				GCC_WARN_UNUSED_FUNCTION = YES;
				GCC_WARN_UNUSED_VARIABLE = YES;
				MTL_ENABLE_DEBUG_INFO = NO;
				MTL_FAST_MATH = YES;
				PRODUCT_NAME = "$(TARGET_NAME)";
				SDKROOT = iphoneos;
				SWIFT_COMPILATION_MODE = wholemodule;
				SWIFT_OPTIMIZATION_LEVEL = "-O";
				SWIFT_VERSION = 5.0;
			};
			name = "Release-Dev";
		};
		8E9E54FD7EB932359A7FB162 /* Debug-Live */ = {
			isa = XCBuildConfiguration;
			baseConfigurationReference = 926AE85ACBCF11B690E92BE7 /* Live.xcconfig */;
			buildSettings = {
				ASSETCATALOG_COMPILER_APPICON_NAME = AppIcon;
				CODE_SIGN_IDENTITY = "iPhone Developer";
				CURRENT_PROJECT_VERSION = 1;
				DEVELOPMENT_TEAM = G49AR2C5MH;
				INFOPLIST_FILE = Clubs/SupportingFiles/Info.plist;
				IPHONEOS_DEPLOYMENT_TARGET = 16.0;
				LD_RUNPATH_SEARCH_PATHS = (
					"$(inherited)",
					"@executable_path/Frameworks",
				);
				MARKETING_VERSION = 1.0.0;
				PRODUCT_NAME = Clubs;
				SDKROOT = iphoneos;
				SUPPORTED_PLATFORMS = "iphoneos iphonesimulator";
				SUPPORTS_MACCATALYST = NO;
				SUPPORTS_MAC_DESIGNED_FOR_IPHONE_IPAD = NO;
				TARGETED_DEVICE_FAMILY = 1;
			};
			name = "Debug-Live";
		};
		BAF30C0263BF12547742C5A4 /* Debug-Staging */ = {
			isa = XCBuildConfiguration;
			baseConfigurationReference = DB0129BE108214CF1B45EF9A /* Staging.xcconfig */;
			buildSettings = {
				ASSETCATALOG_COMPILER_APPICON_NAME = AppIcon;
				CODE_SIGN_IDENTITY = "iPhone Developer";
				CURRENT_PROJECT_VERSION = 1;
				DEVELOPMENT_TEAM = G49AR2C5MH;
				INFOPLIST_FILE = Clubs/SupportingFiles/Info.plist;
				IPHONEOS_DEPLOYMENT_TARGET = 16.0;
				LD_RUNPATH_SEARCH_PATHS = (
					"$(inherited)",
					"@executable_path/Frameworks",
				);
				MARKETING_VERSION = 1.0.0;
				PRODUCT_NAME = Clubs;
				SDKROOT = iphoneos;
				SUPPORTED_PLATFORMS = "iphoneos iphonesimulator";
				SUPPORTS_MACCATALYST = NO;
				SUPPORTS_MAC_DESIGNED_FOR_IPHONE_IPAD = NO;
				TARGETED_DEVICE_FAMILY = 1;
			};
			name = "Debug-Staging";
		};
		C44D9AB707B6EE0B90C0C500 /* Release-Staging */ = {
			isa = XCBuildConfiguration;
			buildSettings = {
				ALWAYS_SEARCH_USER_PATHS = NO;
				CLANG_ANALYZER_LOCALIZABILITY_NONLOCALIZED = YES;
				CLANG_ANALYZER_NONNULL = YES;
				CLANG_ANALYZER_NUMBER_OBJECT_CONVERSION = YES_AGGRESSIVE;
				CLANG_CXX_LANGUAGE_STANDARD = "gnu++14";
				CLANG_CXX_LIBRARY = "libc++";
				CLANG_ENABLE_MODULES = YES;
				CLANG_ENABLE_OBJC_ARC = YES;
				CLANG_ENABLE_OBJC_WEAK = YES;
				CLANG_WARN_BLOCK_CAPTURE_AUTORELEASING = YES;
				CLANG_WARN_BOOL_CONVERSION = YES;
				CLANG_WARN_COMMA = YES;
				CLANG_WARN_CONSTANT_CONVERSION = YES;
				CLANG_WARN_DEPRECATED_OBJC_IMPLEMENTATIONS = YES;
				CLANG_WARN_DIRECT_OBJC_ISA_USAGE = YES_ERROR;
				CLANG_WARN_DOCUMENTATION_COMMENTS = YES;
				CLANG_WARN_EMPTY_BODY = YES;
				CLANG_WARN_ENUM_CONVERSION = YES;
				CLANG_WARN_INFINITE_RECURSION = YES;
				CLANG_WARN_INT_CONVERSION = YES;
				CLANG_WARN_NON_LITERAL_NULL_CONVERSION = YES;
				CLANG_WARN_OBJC_IMPLICIT_RETAIN_SELF = YES;
				CLANG_WARN_OBJC_LITERAL_CONVERSION = YES;
				CLANG_WARN_OBJC_ROOT_CLASS = YES_ERROR;
				CLANG_WARN_QUOTED_INCLUDE_IN_FRAMEWORK_HEADER = YES;
				CLANG_WARN_RANGE_LOOP_ANALYSIS = YES;
				CLANG_WARN_STRICT_PROTOTYPES = YES;
				CLANG_WARN_SUSPICIOUS_MOVE = YES;
				CLANG_WARN_UNGUARDED_AVAILABILITY = YES_AGGRESSIVE;
				CLANG_WARN_UNREACHABLE_CODE = YES;
				CLANG_WARN__DUPLICATE_METHOD_MATCH = YES;
				COPY_PHASE_STRIP = NO;
				DEBUG_INFORMATION_FORMAT = "dwarf-with-dsym";
				DEVELOPMENT_TEAM = M8F9QH57A6;
				ENABLE_NS_ASSERTIONS = NO;
				ENABLE_STRICT_OBJC_MSGSEND = YES;
				GCC_C_LANGUAGE_STANDARD = gnu11;
				GCC_NO_COMMON_BLOCKS = YES;
				GCC_WARN_64_TO_32_BIT_CONVERSION = YES;
				GCC_WARN_ABOUT_RETURN_TYPE = YES_ERROR;
				GCC_WARN_UNDECLARED_SELECTOR = YES;
				GCC_WARN_UNINITIALIZED_AUTOS = YES_AGGRESSIVE;
				GCC_WARN_UNUSED_FUNCTION = YES;
				GCC_WARN_UNUSED_VARIABLE = YES;
				MTL_ENABLE_DEBUG_INFO = NO;
				MTL_FAST_MATH = YES;
				PRODUCT_NAME = "$(TARGET_NAME)";
				SDKROOT = iphoneos;
				SWIFT_COMPILATION_MODE = wholemodule;
				SWIFT_OPTIMIZATION_LEVEL = "-O";
				SWIFT_VERSION = 5.0;
			};
			name = "Release-Staging";
		};
		C56F6E14F09FD881E56B3821 /* Debug-Dev */ = {
			isa = XCBuildConfiguration;
			buildSettings = {
				ALWAYS_SEARCH_USER_PATHS = NO;
				CLANG_ANALYZER_LOCALIZABILITY_NONLOCALIZED = YES;
				CLANG_ANALYZER_NONNULL = YES;
				CLANG_ANALYZER_NUMBER_OBJECT_CONVERSION = YES_AGGRESSIVE;
				CLANG_CXX_LANGUAGE_STANDARD = "gnu++14";
				CLANG_CXX_LIBRARY = "libc++";
				CLANG_ENABLE_MODULES = YES;
				CLANG_ENABLE_OBJC_ARC = YES;
				CLANG_ENABLE_OBJC_WEAK = YES;
				CLANG_WARN_BLOCK_CAPTURE_AUTORELEASING = YES;
				CLANG_WARN_BOOL_CONVERSION = YES;
				CLANG_WARN_COMMA = YES;
				CLANG_WARN_CONSTANT_CONVERSION = YES;
				CLANG_WARN_DEPRECATED_OBJC_IMPLEMENTATIONS = YES;
				CLANG_WARN_DIRECT_OBJC_ISA_USAGE = YES_ERROR;
				CLANG_WARN_DOCUMENTATION_COMMENTS = YES;
				CLANG_WARN_EMPTY_BODY = YES;
				CLANG_WARN_ENUM_CONVERSION = YES;
				CLANG_WARN_INFINITE_RECURSION = YES;
				CLANG_WARN_INT_CONVERSION = YES;
				CLANG_WARN_NON_LITERAL_NULL_CONVERSION = YES;
				CLANG_WARN_OBJC_IMPLICIT_RETAIN_SELF = YES;
				CLANG_WARN_OBJC_LITERAL_CONVERSION = YES;
				CLANG_WARN_OBJC_ROOT_CLASS = YES_ERROR;
				CLANG_WARN_QUOTED_INCLUDE_IN_FRAMEWORK_HEADER = YES;
				CLANG_WARN_RANGE_LOOP_ANALYSIS = YES;
				CLANG_WARN_STRICT_PROTOTYPES = YES;
				CLANG_WARN_SUSPICIOUS_MOVE = YES;
				CLANG_WARN_UNGUARDED_AVAILABILITY = YES_AGGRESSIVE;
				CLANG_WARN_UNREACHABLE_CODE = YES;
				CLANG_WARN__DUPLICATE_METHOD_MATCH = YES;
				COPY_PHASE_STRIP = NO;
				DEBUG_INFORMATION_FORMAT = dwarf;
				DEVELOPMENT_TEAM = M8F9QH57A6;
				ENABLE_STRICT_OBJC_MSGSEND = YES;
				ENABLE_TESTABILITY = YES;
				GCC_C_LANGUAGE_STANDARD = gnu11;
				GCC_DYNAMIC_NO_PIC = NO;
				GCC_NO_COMMON_BLOCKS = YES;
				GCC_OPTIMIZATION_LEVEL = 0;
				GCC_PREPROCESSOR_DEFINITIONS = (
					"$(inherited)",
					"DEBUG=1",
				);
				GCC_WARN_64_TO_32_BIT_CONVERSION = YES;
				GCC_WARN_ABOUT_RETURN_TYPE = YES_ERROR;
				GCC_WARN_UNDECLARED_SELECTOR = YES;
				GCC_WARN_UNINITIALIZED_AUTOS = YES_AGGRESSIVE;
				GCC_WARN_UNUSED_FUNCTION = YES;
				GCC_WARN_UNUSED_VARIABLE = YES;
				MTL_ENABLE_DEBUG_INFO = INCLUDE_SOURCE;
				MTL_FAST_MATH = YES;
				ONLY_ACTIVE_ARCH = YES;
				PRODUCT_NAME = "$(TARGET_NAME)";
				SDKROOT = iphoneos;
				SWIFT_ACTIVE_COMPILATION_CONDITIONS = DEBUG;
				SWIFT_COMPILATION_MODE = incremental;
				SWIFT_OPTIMIZATION_LEVEL = "-Onone";
				SWIFT_VERSION = 5.0;
			};
			name = "Debug-Dev";
		};
		D9CAB7B0B12CF4F64797173A /* Debug-Dev */ = {
			isa = XCBuildConfiguration;
			baseConfigurationReference = 7F4B2A7712DB133A743E681D /* Dev.xcconfig */;
			buildSettings = {
				ASSETCATALOG_COMPILER_APPICON_NAME = AppIcon;
				CODE_SIGN_IDENTITY = "iPhone Developer";
				CURRENT_PROJECT_VERSION = 1;
				DEVELOPMENT_TEAM = G49AR2C5MH;
				INFOPLIST_FILE = Clubs/SupportingFiles/Info.plist;
				IPHONEOS_DEPLOYMENT_TARGET = 16.0;
				LD_RUNPATH_SEARCH_PATHS = (
					"$(inherited)",
					"@executable_path/Frameworks",
				);
				MARKETING_VERSION = 1.0.0;
				PRODUCT_NAME = Clubs;
				SDKROOT = iphoneos;
				SUPPORTED_PLATFORMS = "iphoneos iphonesimulator";
				SUPPORTS_MACCATALYST = NO;
				SUPPORTS_MAC_DESIGNED_FOR_IPHONE_IPAD = NO;
				TARGETED_DEVICE_FAMILY = 1;
			};
			name = "Debug-Dev";
		};
/* End XCBuildConfiguration section */

/* Begin XCConfigurationList section */
		41412BC4434D75BA8B102E36 /* Build configuration list for PBXProject "Clubs" */ = {
			isa = XCConfigurationList;
			buildConfigurations = (
				C56F6E14F09FD881E56B3821 /* Debug-Dev */,
				8546C8E16AF867DFD14BDAA3 /* Debug-Live */,
				4CB0B945E7C3DADC637E8F42 /* Debug-Staging */,
				8D344AA475D01C983AF4A0FC /* Release-Dev */,
				74680D905B42D232D70ACA13 /* Release-Live */,
				C44D9AB707B6EE0B90C0C500 /* Release-Staging */,
			);
			defaultConfigurationIsVisible = 0;
			defaultConfigurationName = "Debug-Dev";
		};
		EC57306F79B6B6B39C5378AD /* Build configuration list for PBXNativeTarget "Clubs" */ = {
			isa = XCConfigurationList;
			buildConfigurations = (
				D9CAB7B0B12CF4F64797173A /* Debug-Dev */,
				8E9E54FD7EB932359A7FB162 /* Debug-Live */,
				BAF30C0263BF12547742C5A4 /* Debug-Staging */,
				68D8278377407669F73A2F45 /* Release-Dev */,
				406B51CDF83A7610B668936B /* Release-Live */,
				496682478FFFB6486FBF79E5 /* Release-Staging */,
			);
			defaultConfigurationIsVisible = 0;
			defaultConfigurationName = "Debug-Dev";
		};
/* End XCConfigurationList section */

/* Begin XCSwiftPackageProductDependency section */
		20EA5D6A2AE01188B2CE0FA8 /* ForceUpdateFeature */ = {
			isa = XCSwiftPackageProductDependency;
			productName = ForceUpdateFeature;
		};
		24E0435C8F45993A817FFE81 /* CommonUI */ = {
			isa = XCSwiftPackageProductDependency;
			productName = CommonUI;
		};
		283103B42AAE7BAD0063952F /* ClubsFeature */ = {
			isa = XCSwiftPackageProductDependency;
			productName = ClubsFeature;
		};
		3F753896288B973E8C2CD806 /* Models */ = {
			isa = XCSwiftPackageProductDependency;
			productName = Models;
		};
		4200D37E851EE06EE1DD6C37 /* Utilities */ = {
			isa = XCSwiftPackageProductDependency;
			productName = Utilities;
		};
		79C02CAF13A71B48CDD2C877 /* MainFeature */ = {
			isa = XCSwiftPackageProductDependency;
			productName = MainFeature;
		};
		9D3720757AAB7AD350323038 /* Networking */ = {
			isa = XCSwiftPackageProductDependency;
			productName = Networking;
		};
		D02CD16AC2F5BCAB8859484A /* Assets */ = {
			isa = XCSwiftPackageProductDependency;
			productName = Assets;
		};
		EF195AA49AAC8BBF85EE216D /* AuthFeature */ = {
			isa = XCSwiftPackageProductDependency;
			productName = AuthFeature;
		};
/* End XCSwiftPackageProductDependency section */
	};
	rootObject = 4BC725580888F1F61E481D4A /* Project object */;
}
